
Microsoft Visual Studio Solution File, Format Version 12.00
# Visual Studio 15
VisualStudioVersion = 15.0.26430.15
MinimumVisualStudioVersion = 10.0.40219.1
Project("{FAE04EC0-301F-11D3-BF4B-00C04F79EFBC}") = "NumerosDivisiveis", "NumerosDivisiveis.csproj", "{B3B14896-357E-4040-B7E4-DFB09B42F28E}"
EndProject
Global
	GlobalSection(SolutionConfigurationPlatforms) = preSolution
		Debug|Any CPU = Debug|Any CPU
		Release|Any CPU = Release|Any CPU
	EndGlobalSection
	GlobalSection(ProjectConfigurationPlatforms) = postSolution
		{B3B14896-357E-4040-B7E4-DFB09B42F28E}.Debug|Any CPU.ActiveCfg = Debug|Any CPU
		{B3B14896-357E-4040-B7E4-DFB09B42F28E}.Debug|Any CPU.Build.0 = Debug|Any CPU
		{B3B14896-357E-4040-B7E4-DFB09B42F28E}.Release|Any CPU.ActiveCfg = Release|Any CPU
		{B3B14896-357E-4040-B7E4-DFB09B42F28E}.Release|Any CPU.Build.0 = Release|Any CPU
	EndGlobalSection
	GlobalSection(SolutionProperties) = preSolution
		HideSolutionNode = FALSE
	EndGlobalSection
EndGlobal
